
Microsoft Visual Studio Solution File, Format Version 12.00
# Visual Studio Version 17
VisualStudioVersion = 17.5.33424.131
MinimumVisualStudioVersion = 10.0.40219.1
Project("{9A19103F-16F7-4668-BE54-9A1E7A4F7556}") = "CompanyEmployees.IDP", "CompanyEmployees.IDP.csproj", "{36DDCB98-A53C-4633-968B-9BE4B4776BF4}"
EndProject
Project("{9A19103F-16F7-4668-BE54-9A1E7A4F7556}") = "EmailService", "..\..\..\..\MasteringAspNetCoreSecurity\12-Reset Password\EmailService\EmailService.csproj", "{61C678A5-F3BA-45E8-9DB7-2A3840EA7160}"
EndProject
Global
	GlobalSection(SolutionConfigurationPlatforms) = preSolution
		Debug|Any CPU = Debug|Any CPU
		Release|Any CPU = Release|Any CPU
	EndGlobalSection
	GlobalSection(ProjectConfigurationPlatforms) = postSolution
		{36DDCB98-A53C-4633-968B-9BE4B4776BF4}.Debug|Any CPU.ActiveCfg = Debug|Any CPU
		{36DDCB98-A53C-4633-968B-9BE4B4776BF4}.Debug|Any CPU.Build.0 = Debug|Any CPU
		{36DDCB98-A53C-4633-968B-9BE4B4776BF4}.Release|Any CPU.ActiveCfg = Release|Any CPU
		{36DDCB98-A53C-4633-968B-9BE4B4776BF4}.Release|Any CPU.Build.0 = Release|Any CPU
		{61C678A5-F3BA-45E8-9DB7-2A3840EA7160}.Debug|Any CPU.ActiveCfg = Debug|Any CPU
		{61C678A5-F3BA-45E8-9DB7-2A3840EA7160}.Debug|Any CPU.Build.0 = Debug|Any CPU
		{61C678A5-F3BA-45E8-9DB7-2A3840EA7160}.Release|Any CPU.ActiveCfg = Release|Any CPU
		{61C678A5-F3BA-45E8-9DB7-2A3840EA7160}.Release|Any CPU.Build.0 = Release|Any CPU
	EndGlobalSection
	GlobalSection(SolutionProperties) = preSolution
		HideSolutionNode = FALSE
	EndGlobalSection
	GlobalSection(ExtensibilityGlobals) = postSolution
		SolutionGuid = {FDA86D89-27BB-40EB-9F5C-83CC98202FF3}
	EndGlobalSection
EndGlobal
